
Microsoft Visual Studio Solution File, Format Version 12.00
# Visual Studio Version 17
VisualStudioVersion = 17.10.34928.147
MinimumVisualStudioVersion = 10.0.40219.1
Project("{FAE04EC0-301F-11D3-BF4B-00C04F79EFBC}") = "MVC_CrudOperation", "MVC_CrudOperation\MVC_CrudOperation.csproj", "{6A3DF9B0-FD40-4F6C-9FA5-55EF95CB015E}"
EndProject
Global
	GlobalSection(SolutionConfigurationPlatforms) = preSolution
		Debug|Any CPU = Debug|Any CPU
		Release|Any CPU = Release|Any CPU
	EndGlobalSection
	GlobalSection(ProjectConfigurationPlatforms) = postSolution
		{6A3DF9B0-FD40-4F6C-9FA5-55EF95CB015E}.Debug|Any CPU.ActiveCfg = Debug|Any CPU
		{6A3DF9B0-FD40-4F6C-9FA5-55EF95CB015E}.Debug|Any CPU.Build.0 = Debug|Any CPU
		{6A3DF9B0-FD40-4F6C-9FA5-55EF95CB015E}.Release|Any CPU.ActiveCfg = Release|Any CPU
		{6A3DF9B0-FD40-4F6C-9FA5-55EF95CB015E}.Release|Any CPU.Build.0 = Release|Any CPU
	EndGlobalSection
	GlobalSection(SolutionProperties) = preSolution
		HideSolutionNode = FALSE
	EndGlobalSection
	GlobalSection(ExtensibilityGlobals) = postSolution
		SolutionGuid = {683411F8-EA9E-4AAC-88C3-D24521DD4261}
	EndGlobalSection
EndGlobal
